
Microsoft Visual Studio Solution File, Format Version 12.00
# Visual Studio 2013
VisualStudioVersion = 12.0.30501.0
MinimumVisualStudioVersion = 10.0.40219.1
Project("{F184B08F-C81C-45F6-A57F-5ABD9991F28F}") = "1_exerciceConsoleFonctions", "1_exerciceConsoleFonctions\1_exerciceConsoleFonctions.vbproj", "{7D727E13-E8B9-4231-A445-9AF11D20CB9D}"
EndProject
Project("{F184B08F-C81C-45F6-A57F-5ABD9991F28F}") = "2_modele_jeu_de_loie", "2_modele_jeu_de_loie\2_modele_jeu_de_loie.vbproj", "{F1A53457-59FC-4948-9769-A461E175F535}"
EndProject
Project("{F184B08F-C81C-45F6-A57F-5ABD9991F28F}") = "3_exerciceWFFonctions", "3_exerciceWFFonctions\3_exerciceWFFonctions.vbproj", "{7F50C02A-5AD7-4097-83B6-B1A3A5C7BED2}"
EndProject
Project("{F184B08F-C81C-45F6-A57F-5ABD9991F28F}") = "4_documentsConsolePropriétés", "4_documentsConsolePropriétés\4_documentsConsolePropriétés.vbproj", "{9C196798-CAE6-4703-B3EA-54B3826A4E45}"
EndProject
Project("{F184B08F-C81C-45F6-A57F-5ABD9991F28F}") = "5_documentsConsoleCtorTableau", "5_documentsConsoleCtorTableau\5_documentsConsoleCtorTableau.vbproj", "{9837E431-56D6-4320-8378-6BAAF03EEC2E}"
EndProject
Project("{F184B08F-C81C-45F6-A57F-5ABD9991F28F}") = "6_bibliothequeConsole", "6_bibliothequeConsole\6_bibliothequeConsole.vbproj", "{6F5921D0-56F0-4C00-8B96-405271152833}"
EndProject
Project("{F184B08F-C81C-45F6-A57F-5ABD9991F28F}") = "7_bibliothequeWF", "7_bibliothequeWF\7_bibliothequeWF.vbproj", "{66210193-E1FE-4853-B9FD-D385C939DC0B}"
EndProject
Project("{F184B08F-C81C-45F6-A57F-5ABD9991F28F}") = "8_bibliothequeWF_delegate", "8_bibliothequeWF_delegate\8_bibliothequeWF_delegate.vbproj", "{71E8B8D9-E1F1-419C-A25B-5952CF1B6ECC}"
EndProject
Project("{F184B08F-C81C-45F6-A57F-5ABD9991F28F}") = "9_bibliothequeWF_event", "9_bibliothequeWF_event\9_bibliothequeWF_event.vbproj", "{F55D7DD9-4596-44AD-B9E5-0904507ADC67}"
EndProject
Project("{F184B08F-C81C-45F6-A57F-5ABD9991F28F}") = "10_generalisation", "10_generalisation\10_generalisation.vbproj", "{094EF64B-30F2-41CF-96CF-DFC17BED54BB}"
EndProject
Project("{F184B08F-C81C-45F6-A57F-5ABD9991F28F}") = "11_exceptions", "11_exceptions\11_exceptions.vbproj", "{15645C42-8764-4935-8B79-729C78A4EE9C}"
EndProject
Project("{F184B08F-C81C-45F6-A57F-5ABD9991F28F}") = "12_operateursConsole", "12_operateursConsole\12_operateursConsole.vbproj", "{39586EA3-D165-402B-8834-420F1D0ED68B}"
EndProject
Project("{F184B08F-C81C-45F6-A57F-5ABD9991F28F}") = "13_bibliothequeCollections", "13_bibliothequeCollections\13_bibliothequeCollections.vbproj", "{7160FA15-5DD8-4A86-AE51-73D29099543E}"
EndProject
Project("{F184B08F-C81C-45F6-A57F-5ABD9991F28F}") = "12_bibliothequeSerialisation", "12_bibliothequeSerialisation\12_bibliothequeSerialisation.vbproj", "{B8768666-A250-482D-A539-198E7FC5674E}"
EndProject
Project("{F184B08F-C81C-45F6-A57F-5ABD9991F28F}") = "14_bibliothequeLINQ", "14_bibliothequeLINQ\14_bibliothequeLINQ.vbproj", "{40E48815-D0EF-4D15-B123-E2B491727310}"
EndProject
Project("{F184B08F-C81C-45F6-A57F-5ABD9991F28F}") = "15_bibliothequeDLL", "15_bibliothequeDLL\15_bibliothequeDLL.vbproj", "{22521AD8-CD97-491B-A844-BF5C3BC704CD}"
EndProject
Project("{F184B08F-C81C-45F6-A57F-5ABD9991F28F}") = "15_bibliothequeEXE", "15_bibliothequeEXE\15_bibliothequeEXE.vbproj", "{4073CA92-5BD8-42D8-A4AE-8530FE5C34BA}"
EndProject
Project("{F184B08F-C81C-45F6-A57F-5ABD9991F28F}") = "16_bibliotthequeDLLGAC", "16_bibliotthequeDLLGAC\16_bibliotthequeDLLGAC.vbproj", "{312C2678-6128-4637-B1D2-CE3C22634C28}"
EndProject
Project("{F184B08F-C81C-45F6-A57F-5ABD9991F28F}") = "17_bibliothequeADO.NET_DLL", "17_bibliothequeADO.NET_DLL\17_bibliothequeADO.NET_DLL.vbproj", "{46064827-D654-489E-9194-C1AEAAA5D527}"
EndProject
Project("{F184B08F-C81C-45F6-A57F-5ABD9991F28F}") = "17_bibliothequeADO.NET_EXE", "17_bibliothequeADO.NET_EXE\17_bibliothequeADO.NET_EXE.vbproj", "{5EC8DE79-3A5F-46F8-991D-D0034F720312}"
EndProject
Project("{F184B08F-C81C-45F6-A57F-5ABD9991F28F}") = "18_bibliothequeASP.NET", "18_bibliothequeASP.NET\18_bibliothequeASP.NET.vbproj", "{F3626560-8794-422A-BBB3-143CB951E1A7}"
EndProject
Project("{F184B08F-C81C-45F6-A57F-5ABD9991F28F}") = "ConsoleApplication1", "ConsoleApplication1\ConsoleApplication1.vbproj", "{12E0341F-DA2A-443D-98CB-1180D4FAF927}"
EndProject
Global
	GlobalSection(TeamFoundationVersionControl) = preSolution
		SccNumberOfProjects = 23
		SccEnterpriseProvider = {4CA58AB2-18FA-4F8D-95D4-32DDF27D184C}
		SccTeamFoundationServer = https://fabienxb.visualstudio.com/defaultcollection
		SccLocalPath0 = .
		SccProjectUniqueName1 = 10_generalisation\\10_generalisation.vbproj
		SccProjectName1 = 10_generalisation
		SccLocalPath1 = 10_generalisation
		SccProjectUniqueName2 = 11_exceptions\\11_exceptions.vbproj
		SccProjectName2 = 11_exceptions
		SccLocalPath2 = 11_exceptions
		SccProjectUniqueName3 = 12_bibliothequeSerialisation\\12_bibliothequeSerialisation.vbproj
		SccProjectName3 = 12_bibliothequeSerialisation
		SccLocalPath3 = 12_bibliothequeSerialisation
		SccProjectUniqueName4 = 12_operateursConsole\\12_operateursConsole.vbproj
		SccProjectName4 = 12_operateursConsole
		SccLocalPath4 = 12_operateursConsole
		SccProjectUniqueName5 = 13_bibliothequeCollections\\13_bibliothequeCollections.vbproj
		SccProjectName5 = 13_bibliothequeCollections
		SccLocalPath5 = 13_bibliothequeCollections
		SccProjectUniqueName6 = 14_bibliothequeLINQ\\14_bibliothequeLINQ.vbproj
		SccProjectName6 = 14_bibliothequeLINQ
		SccLocalPath6 = 14_bibliothequeLINQ
		SccProjectUniqueName7 = 15_bibliothequeDLL\\15_bibliothequeDLL.vbproj
		SccProjectName7 = 15_bibliothequeDLL
		SccLocalPath7 = 15_bibliothequeDLL
		SccProjectUniqueName8 = 15_bibliothequeEXE\\15_bibliothequeEXE.vbproj
		SccProjectName8 = 15_bibliothequeEXE
		SccLocalPath8 = 15_bibliothequeEXE
		SccProjectUniqueName9 = 16_bibliotthequeDLLGAC\\16_bibliotthequeDLLGAC.vbproj
		SccProjectName9 = 16_bibliotthequeDLLGAC
		SccLocalPath9 = 16_bibliotthequeDLLGAC
		SccProjectUniqueName10 = 17_bibliothequeADO.NET_DLL\\17_bibliothequeADO.NET_DLL.vbproj
		SccProjectName10 = 17_bibliothequeADO.NET_DLL
		SccLocalPath10 = 17_bibliothequeADO.NET_DLL
		SccProjectUniqueName11 = 17_bibliothequeADO.NET_EXE\\17_bibliothequeADO.NET_EXE.vbproj
		SccProjectName11 = 17_bibliothequeADO.NET_EXE
		SccLocalPath11 = 17_bibliothequeADO.NET_EXE
		SccProjectUniqueName12 = 18_bibliothequeASP.NET\\18_bibliothequeASP.NET.vbproj
		SccProjectName12 = 18_bibliothequeASP.NET
		SccLocalPath12 = 18_bibliothequeASP.NET
		SccProjectUniqueName13 = 1_exerciceConsoleFonctions\\1_exerciceConsoleFonctions.vbproj
		SccProjectName13 = 1_exerciceConsoleFonctions
		SccLocalPath13 = 1_exerciceConsoleFonctions
		SccProjectUniqueName14 = 2_modele_jeu_de_loie\\2_modele_jeu_de_loie.vbproj
		SccProjectName14 = 2_modele_jeu_de_loie
		SccLocalPath14 = 2_modele_jeu_de_loie
		SccProjectUniqueName15 = 3_exerciceWFFonctions\\3_exerciceWFFonctions.vbproj
		SccProjectName15 = 3_exerciceWFFonctions
		SccLocalPath15 = 3_exerciceWFFonctions
		SccProjectUniqueName16 = 4_documentsConsolePropriétés\\4_documentsConsolePropriétés.vbproj
		SccProjectName16 = 4_documentsConsolePropriétés
		SccLocalPath16 = 4_documentsConsolePropriétés
		SccProjectUniqueName17 = 5_documentsConsoleCtorTableau\\5_documentsConsoleCtorTableau.vbproj
		SccProjectName17 = 5_documentsConsoleCtorTableau
		SccLocalPath17 = 5_documentsConsoleCtorTableau
		SccProjectUniqueName18 = 6_bibliothequeConsole\\6_bibliothequeConsole.vbproj
		SccProjectName18 = 6_bibliothequeConsole
		SccLocalPath18 = 6_bibliothequeConsole
		SccProjectUniqueName19 = 7_bibliothequeWF\\7_bibliothequeWF.vbproj
		SccProjectName19 = 7_bibliothequeWF
		SccLocalPath19 = 7_bibliothequeWF
		SccProjectUniqueName20 = 8_bibliothequeWF_delegate\\8_bibliothequeWF_delegate.vbproj
		SccProjectName20 = 8_bibliothequeWF_delegate
		SccLocalPath20 = 8_bibliothequeWF_delegate
		SccProjectUniqueName21 = 9_bibliothequeWF_event\\9_bibliothequeWF_event.vbproj
		SccProjectName21 = 9_bibliothequeWF_event
		SccLocalPath21 = 9_bibliothequeWF_event
		SccProjectUniqueName22 = ConsoleApplication1\\ConsoleApplication1.vbproj
		SccProjectName22 = ConsoleApplication1
		SccLocalPath22 = ConsoleApplication1
	EndGlobalSection
	GlobalSection(SolutionConfigurationPlatforms) = preSolution
		Debug|Any CPU = Debug|Any CPU
		Debug|Mixed Platforms = Debug|Mixed Platforms
		Debug|x86 = Debug|x86
		Release|Any CPU = Release|Any CPU
		Release|Mixed Platforms = Release|Mixed Platforms
		Release|x86 = Release|x86
	EndGlobalSection
	GlobalSection(ProjectConfigurationPlatforms) = postSolution
		{7D727E13-E8B9-4231-A445-9AF11D20CB9D}.Debug|Any CPU.ActiveCfg = Debug|x86
		{7D727E13-E8B9-4231-A445-9AF11D20CB9D}.Debug|Mixed Platforms.ActiveCfg = Debug|x86
		{7D727E13-E8B9-4231-A445-9AF11D20CB9D}.Debug|Mixed Platforms.Build.0 = Debug|x86
		{7D727E13-E8B9-4231-A445-9AF11D20CB9D}.Debug|x86.ActiveCfg = Debug|x86
		{7D727E13-E8B9-4231-A445-9AF11D20CB9D}.Debug|x86.Build.0 = Debug|x86
		{7D727E13-E8B9-4231-A445-9AF11D20CB9D}.Release|Any CPU.ActiveCfg = Release|x86
		{7D727E13-E8B9-4231-A445-9AF11D20CB9D}.Release|Mixed Platforms.ActiveCfg = Release|x86
		{7D727E13-E8B9-4231-A445-9AF11D20CB9D}.Release|Mixed Platforms.Build.0 = Release|x86
		{7D727E13-E8B9-4231-A445-9AF11D20CB9D}.Release|x86.ActiveCfg = Release|x86
		{7D727E13-E8B9-4231-A445-9AF11D20CB9D}.Release|x86.Build.0 = Release|x86
		{F1A53457-59FC-4948-9769-A461E175F535}.Debug|Any CPU.ActiveCfg = Debug|x86
		{F1A53457-59FC-4948-9769-A461E175F535}.Debug|Mixed Platforms.ActiveCfg = Debug|x86
		{F1A53457-59FC-4948-9769-A461E175F535}.Debug|Mixed Platforms.Build.0 = Debug|x86
		{F1A53457-59FC-4948-9769-A461E175F535}.Debug|x86.ActiveCfg = Debug|x86
		{F1A53457-59FC-4948-9769-A461E175F535}.Debug|x86.Build.0 = Debug|x86
		{F1A53457-59FC-4948-9769-A461E175F535}.Release|Any CPU.ActiveCfg = Release|x86
		{F1A53457-59FC-4948-9769-A461E175F535}.Release|Mixed Platforms.ActiveCfg = Release|x86
		{F1A53457-59FC-4948-9769-A461E175F535}.Release|Mixed Platforms.Build.0 = Release|x86
		{F1A53457-59FC-4948-9769-A461E175F535}.Release|x86.ActiveCfg = Release|x86
		{F1A53457-59FC-4948-9769-A461E175F535}.Release|x86.Build.0 = Release|x86
		{7F50C02A-5AD7-4097-83B6-B1A3A5C7BED2}.Debug|Any CPU.ActiveCfg = Debug|x86
		{7F50C02A-5AD7-4097-83B6-B1A3A5C7BED2}.Debug|Mixed Platforms.ActiveCfg = Debug|x86
		{7F50C02A-5AD7-4097-83B6-B1A3A5C7BED2}.Debug|Mixed Platforms.Build.0 = Debug|x86
		{7F50C02A-5AD7-4097-83B6-B1A3A5C7BED2}.Debug|x86.ActiveCfg = Debug|x86
		{7F50C02A-5AD7-4097-83B6-B1A3A5C7BED2}.Debug|x86.Build.0 = Debug|x86
		{7F50C02A-5AD7-4097-83B6-B1A3A5C7BED2}.Release|Any CPU.ActiveCfg = Release|x86
		{7F50C02A-5AD7-4097-83B6-B1A3A5C7BED2}.Release|Mixed Platforms.ActiveCfg = Release|x86
		{7F50C02A-5AD7-4097-83B6-B1A3A5C7BED2}.Release|Mixed Platforms.Build.0 = Release|x86
		{7F50C02A-5AD7-4097-83B6-B1A3A5C7BED2}.Release|x86.ActiveCfg = Release|x86
		{7F50C02A-5AD7-4097-83B6-B1A3A5C7BED2}.Release|x86.Build.0 = Release|x86
		{9C196798-CAE6-4703-B3EA-54B3826A4E45}.Debug|Any CPU.ActiveCfg = Debug|x86
		{9C196798-CAE6-4703-B3EA-54B3826A4E45}.Debug|Mixed Platforms.ActiveCfg = Debug|x86
		{9C196798-CAE6-4703-B3EA-54B3826A4E45}.Debug|Mixed Platforms.Build.0 = Debug|x86
		{9C196798-CAE6-4703-B3EA-54B3826A4E45}.Debug|x86.ActiveCfg = Debug|x86
		{9C196798-CAE6-4703-B3EA-54B3826A4E45}.Debug|x86.Build.0 = Debug|x86
		{9C196798-CAE6-4703-B3EA-54B3826A4E45}.Release|Any CPU.ActiveCfg = Release|x86
		{9C196798-CAE6-4703-B3EA-54B3826A4E45}.Release|Mixed Platforms.ActiveCfg = Release|x86
		{9C196798-CAE6-4703-B3EA-54B3826A4E45}.Release|Mixed Platforms.Build.0 = Release|x86
		{9C196798-CAE6-4703-B3EA-54B3826A4E45}.Release|x86.ActiveCfg = Release|x86
		{9C196798-CAE6-4703-B3EA-54B3826A4E45}.Release|x86.Build.0 = Release|x86
		{9837E431-56D6-4320-8378-6BAAF03EEC2E}.Debug|Any CPU.ActiveCfg = Debug|x86
		{9837E431-56D6-4320-8378-6BAAF03EEC2E}.Debug|Mixed Platforms.ActiveCfg = Debug|x86
		{9837E431-56D6-4320-8378-6BAAF03EEC2E}.Debug|Mixed Platforms.Build.0 = Debug|x86
		{9837E431-56D6-4320-8378-6BAAF03EEC2E}.Debug|x86.ActiveCfg = Debug|x86
		{9837E431-56D6-4320-8378-6BAAF03EEC2E}.Debug|x86.Build.0 = Debug|x86
		{9837E431-56D6-4320-8378-6BAAF03EEC2E}.Release|Any CPU.ActiveCfg = Release|x86
		{9837E431-56D6-4320-8378-6BAAF03EEC2E}.Release|Mixed Platforms.ActiveCfg = Release|x86
		{9837E431-56D6-4320-8378-6BAAF03EEC2E}.Release|Mixed Platforms.Build.0 = Release|x86
		{9837E431-56D6-4320-8378-6BAAF03EEC2E}.Release|x86.ActiveCfg = Release|x86
		{9837E431-56D6-4320-8378-6BAAF03EEC2E}.Release|x86.Build.0 = Release|x86
		{6F5921D0-56F0-4C00-8B96-405271152833}.Debug|Any CPU.ActiveCfg = Debug|x86
		{6F5921D0-56F0-4C00-8B96-405271152833}.Debug|Mixed Platforms.ActiveCfg = Debug|x86
		{6F5921D0-56F0-4C00-8B96-405271152833}.Debug|Mixed Platforms.Build.0 = Debug|x86
		{6F5921D0-56F0-4C00-8B96-405271152833}.Debug|x86.ActiveCfg = Debug|x86
		{6F5921D0-56F0-4C00-8B96-405271152833}.Debug|x86.Build.0 = Debug|x86
		{6F5921D0-56F0-4C00-8B96-405271152833}.Release|Any CPU.ActiveCfg = Release|x86
		{6F5921D0-56F0-4C00-8B96-405271152833}.Release|Mixed Platforms.ActiveCfg = Release|x86
		{6F5921D0-56F0-4C00-8B96-405271152833}.Release|Mixed Platforms.Build.0 = Release|x86
		{6F5921D0-56F0-4C00-8B96-405271152833}.Release|x86.ActiveCfg = Release|x86
		{6F5921D0-56F0-4C00-8B96-405271152833}.Release|x86.Build.0 = Release|x86
		{66210193-E1FE-4853-B9FD-D385C939DC0B}.Debug|Any CPU.ActiveCfg = Debug|x86
		{66210193-E1FE-4853-B9FD-D385C939DC0B}.Debug|Mixed Platforms.ActiveCfg = Debug|x86
		{66210193-E1FE-4853-B9FD-D385C939DC0B}.Debug|Mixed Platforms.Build.0 = Debug|x86
		{66210193-E1FE-4853-B9FD-D385C939DC0B}.Debug|x86.ActiveCfg = Debug|x86
		{66210193-E1FE-4853-B9FD-D385C939DC0B}.Debug|x86.Build.0 = Debug|x86
		{66210193-E1FE-4853-B9FD-D385C939DC0B}.Release|Any CPU.ActiveCfg = Release|x86
		{66210193-E1FE-4853-B9FD-D385C939DC0B}.Release|Mixed Platforms.ActiveCfg = Release|x86
		{66210193-E1FE-4853-B9FD-D385C939DC0B}.Release|Mixed Platforms.Build.0 = Release|x86
		{66210193-E1FE-4853-B9FD-D385C939DC0B}.Release|x86.ActiveCfg = Release|x86
		{66210193-E1FE-4853-B9FD-D385C939DC0B}.Release|x86.Build.0 = Release|x86
		{71E8B8D9-E1F1-419C-A25B-5952CF1B6ECC}.Debug|Any CPU.ActiveCfg = Debug|x86
		{71E8B8D9-E1F1-419C-A25B-5952CF1B6ECC}.Debug|Mixed Platforms.ActiveCfg = Debug|x86
		{71E8B8D9-E1F1-419C-A25B-5952CF1B6ECC}.Debug|Mixed Platforms.Build.0 = Debug|x86
		{71E8B8D9-E1F1-419C-A25B-5952CF1B6ECC}.Debug|x86.ActiveCfg = Debug|x86
		{71E8B8D9-E1F1-419C-A25B-5952CF1B6ECC}.Debug|x86.Build.0 = Debug|x86
		{71E8B8D9-E1F1-419C-A25B-5952CF1B6ECC}.Release|Any CPU.ActiveCfg = Release|x86
		{71E8B8D9-E1F1-419C-A25B-5952CF1B6ECC}.Release|Mixed Platforms.ActiveCfg = Release|x86
		{71E8B8D9-E1F1-419C-A25B-5952CF1B6ECC}.Release|Mixed Platforms.Build.0 = Release|x86
		{71E8B8D9-E1F1-419C-A25B-5952CF1B6ECC}.Release|x86.ActiveCfg = Release|x86
		{71E8B8D9-E1F1-419C-A25B-5952CF1B6ECC}.Release|x86.Build.0 = Release|x86
		{F55D7DD9-4596-44AD-B9E5-0904507ADC67}.Debug|Any CPU.ActiveCfg = Debug|x86
		{F55D7DD9-4596-44AD-B9E5-0904507ADC67}.Debug|Mixed Platforms.ActiveCfg = Debug|x86
		{F55D7DD9-4596-44AD-B9E5-0904507ADC67}.Debug|Mixed Platforms.Build.0 = Debug|x86
		{F55D7DD9-4596-44AD-B9E5-0904507ADC67}.Debug|x86.ActiveCfg = Debug|x86
		{F55D7DD9-4596-44AD-B9E5-0904507ADC67}.Debug|x86.Build.0 = Debug|x86
		{F55D7DD9-4596-44AD-B9E5-0904507ADC67}.Release|Any CPU.ActiveCfg = Release|x86
		{F55D7DD9-4596-44AD-B9E5-0904507ADC67}.Release|Mixed Platforms.ActiveCfg = Release|x86
		{F55D7DD9-4596-44AD-B9E5-0904507ADC67}.Release|Mixed Platforms.Build.0 = Release|x86
		{F55D7DD9-4596-44AD-B9E5-0904507ADC67}.Release|x86.ActiveCfg = Release|x86
		{F55D7DD9-4596-44AD-B9E5-0904507ADC67}.Release|x86.Build.0 = Release|x86
		{094EF64B-30F2-41CF-96CF-DFC17BED54BB}.Debug|Any CPU.ActiveCfg = Debug|x86
		{094EF64B-30F2-41CF-96CF-DFC17BED54BB}.Debug|Mixed Platforms.ActiveCfg = Debug|x86
		{094EF64B-30F2-41CF-96CF-DFC17BED54BB}.Debug|Mixed Platforms.Build.0 = Debug|x86
		{094EF64B-30F2-41CF-96CF-DFC17BED54BB}.Debug|x86.ActiveCfg = Debug|x86
		{094EF64B-30F2-41CF-96CF-DFC17BED54BB}.Debug|x86.Build.0 = Debug|x86
		{094EF64B-30F2-41CF-96CF-DFC17BED54BB}.Release|Any CPU.ActiveCfg = Release|x86
		{094EF64B-30F2-41CF-96CF-DFC17BED54BB}.Release|Mixed Platforms.ActiveCfg = Release|x86
		{094EF64B-30F2-41CF-96CF-DFC17BED54BB}.Release|Mixed Platforms.Build.0 = Release|x86
		{094EF64B-30F2-41CF-96CF-DFC17BED54BB}.Release|x86.ActiveCfg = Release|x86
		{094EF64B-30F2-41CF-96CF-DFC17BED54BB}.Release|x86.Build.0 = Release|x86
		{15645C42-8764-4935-8B79-729C78A4EE9C}.Debug|Any CPU.ActiveCfg = Debug|x86
		{15645C42-8764-4935-8B79-729C78A4EE9C}.Debug|Mixed Platforms.ActiveCfg = Debug|x86
		{15645C42-8764-4935-8B79-729C78A4EE9C}.Debug|Mixed Platforms.Build.0 = Debug|x86
		{15645C42-8764-4935-8B79-729C78A4EE9C}.Debug|x86.ActiveCfg = Debug|x86
		{15645C42-8764-4935-8B79-729C78A4EE9C}.Debug|x86.Build.0 = Debug|x86
		{15645C42-8764-4935-8B79-729C78A4EE9C}.Release|Any CPU.ActiveCfg = Release|x86
		{15645C42-8764-4935-8B79-729C78A4EE9C}.Release|Mixed Platforms.ActiveCfg = Release|x86
		{15645C42-8764-4935-8B79-729C78A4EE9C}.Release|Mixed Platforms.Build.0 = Release|x86
		{15645C42-8764-4935-8B79-729C78A4EE9C}.Release|x86.ActiveCfg = Release|x86
		{15645C42-8764-4935-8B79-729C78A4EE9C}.Release|x86.Build.0 = Release|x86
		{39586EA3-D165-402B-8834-420F1D0ED68B}.Debug|Any CPU.ActiveCfg = Debug|x86
		{39586EA3-D165-402B-8834-420F1D0ED68B}.Debug|Mixed Platforms.ActiveCfg = Debug|x86
		{39586EA3-D165-402B-8834-420F1D0ED68B}.Debug|Mixed Platforms.Build.0 = Debug|x86
		{39586EA3-D165-402B-8834-420F1D0ED68B}.Debug|x86.ActiveCfg = Debug|x86
		{39586EA3-D165-402B-8834-420F1D0ED68B}.Debug|x86.Build.0 = Debug|x86
		{39586EA3-D165-402B-8834-420F1D0ED68B}.Release|Any CPU.ActiveCfg = Release|x86
		{39586EA3-D165-402B-8834-420F1D0ED68B}.Release|Mixed Platforms.ActiveCfg = Release|x86
		{39586EA3-D165-402B-8834-420F1D0ED68B}.Release|Mixed Platforms.Build.0 = Release|x86
		{39586EA3-D165-402B-8834-420F1D0ED68B}.Release|x86.ActiveCfg = Release|x86
		{39586EA3-D165-402B-8834-420F1D0ED68B}.Release|x86.Build.0 = Release|x86
		{7160FA15-5DD8-4A86-AE51-73D29099543E}.Debug|Any CPU.ActiveCfg = Debug|x86
		{7160FA15-5DD8-4A86-AE51-73D29099543E}.Debug|Mixed Platforms.ActiveCfg = Debug|x86
		{7160FA15-5DD8-4A86-AE51-73D29099543E}.Debug|Mixed Platforms.Build.0 = Debug|x86
		{7160FA15-5DD8-4A86-AE51-73D29099543E}.Debug|x86.ActiveCfg = Debug|x86
		{7160FA15-5DD8-4A86-AE51-73D29099543E}.Debug|x86.Build.0 = Debug|x86
		{7160FA15-5DD8-4A86-AE51-73D29099543E}.Release|Any CPU.ActiveCfg = Release|x86
		{7160FA15-5DD8-4A86-AE51-73D29099543E}.Release|Mixed Platforms.ActiveCfg = Release|x86
		{7160FA15-5DD8-4A86-AE51-73D29099543E}.Release|Mixed Platforms.Build.0 = Release|x86
		{7160FA15-5DD8-4A86-AE51-73D29099543E}.Release|x86.ActiveCfg = Release|x86
		{7160FA15-5DD8-4A86-AE51-73D29099543E}.Release|x86.Build.0 = Release|x86
		{B8768666-A250-482D-A539-198E7FC5674E}.Debug|Any CPU.ActiveCfg = Debug|x86
		{B8768666-A250-482D-A539-198E7FC5674E}.Debug|Mixed Platforms.ActiveCfg = Debug|x86
		{B8768666-A250-482D-A539-198E7FC5674E}.Debug|Mixed Platforms.Build.0 = Debug|x86
		{B8768666-A250-482D-A539-198E7FC5674E}.Debug|x86.ActiveCfg = Debug|x86
		{B8768666-A250-482D-A539-198E7FC5674E}.Debug|x86.Build.0 = Debug|x86
		{B8768666-A250-482D-A539-198E7FC5674E}.Release|Any CPU.ActiveCfg = Release|x86
		{B8768666-A250-482D-A539-198E7FC5674E}.Release|Mixed Platforms.ActiveCfg = Release|x86
		{B8768666-A250-482D-A539-198E7FC5674E}.Release|Mixed Platforms.Build.0 = Release|x86
		{B8768666-A250-482D-A539-198E7FC5674E}.Release|x86.ActiveCfg = Release|x86
		{B8768666-A250-482D-A539-198E7FC5674E}.Release|x86.Build.0 = Release|x86
		{40E48815-D0EF-4D15-B123-E2B491727310}.Debug|Any CPU.ActiveCfg = Debug|x86
		{40E48815-D0EF-4D15-B123-E2B491727310}.Debug|Mixed Platforms.ActiveCfg = Debug|x86
		{40E48815-D0EF-4D15-B123-E2B491727310}.Debug|Mixed Platforms.Build.0 = Debug|x86
		{40E48815-D0EF-4D15-B123-E2B491727310}.Debug|x86.ActiveCfg = Debug|x86
		{40E48815-D0EF-4D15-B123-E2B491727310}.Debug|x86.Build.0 = Debug|x86
		{40E48815-D0EF-4D15-B123-E2B491727310}.Release|Any CPU.ActiveCfg = Release|x86
		{40E48815-D0EF-4D15-B123-E2B491727310}.Release|Mixed Platforms.ActiveCfg = Release|x86
		{40E48815-D0EF-4D15-B123-E2B491727310}.Release|Mixed Platforms.Build.0 = Release|x86
		{40E48815-D0EF-4D15-B123-E2B491727310}.Release|x86.ActiveCfg = Release|x86
		{40E48815-D0EF-4D15-B123-E2B491727310}.Release|x86.Build.0 = Release|x86
		{22521AD8-CD97-491B-A844-BF5C3BC704CD}.Debug|Any CPU.ActiveCfg = Debug|Any CPU
		{22521AD8-CD97-491B-A844-BF5C3BC704CD}.Debug|Any CPU.Build.0 = Debug|Any CPU
		{22521AD8-CD97-491B-A844-BF5C3BC704CD}.Debug|Mixed Platforms.ActiveCfg = Debug|Any CPU
		{22521AD8-CD97-491B-A844-BF5C3BC704CD}.Debug|Mixed Platforms.Build.0 = Debug|Any CPU
		{22521AD8-CD97-491B-A844-BF5C3BC704CD}.Debug|x86.ActiveCfg = Debug|Any CPU
		{22521AD8-CD97-491B-A844-BF5C3BC704CD}.Release|Any CPU.ActiveCfg = Release|Any CPU
		{22521AD8-CD97-491B-A844-BF5C3BC704CD}.Release|Any CPU.Build.0 = Release|Any CPU
		{22521AD8-CD97-491B-A844-BF5C3BC704CD}.Release|Mixed Platforms.ActiveCfg = Release|Any CPU
		{22521AD8-CD97-491B-A844-BF5C3BC704CD}.Release|Mixed Platforms.Build.0 = Release|Any CPU
		{22521AD8-CD97-491B-A844-BF5C3BC704CD}.Release|x86.ActiveCfg = Release|Any CPU
		{4073CA92-5BD8-42D8-A4AE-8530FE5C34BA}.Debug|Any CPU.ActiveCfg = Debug|x86
		{4073CA92-5BD8-42D8-A4AE-8530FE5C34BA}.Debug|Mixed Platforms.ActiveCfg = Debug|x86
		{4073CA92-5BD8-42D8-A4AE-8530FE5C34BA}.Debug|Mixed Platforms.Build.0 = Debug|x86
		{4073CA92-5BD8-42D8-A4AE-8530FE5C34BA}.Debug|x86.ActiveCfg = Debug|x86
		{4073CA92-5BD8-42D8-A4AE-8530FE5C34BA}.Debug|x86.Build.0 = Debug|x86
		{4073CA92-5BD8-42D8-A4AE-8530FE5C34BA}.Release|Any CPU.ActiveCfg = Release|x86
		{4073CA92-5BD8-42D8-A4AE-8530FE5C34BA}.Release|Mixed Platforms.ActiveCfg = Release|x86
		{4073CA92-5BD8-42D8-A4AE-8530FE5C34BA}.Release|Mixed Platforms.Build.0 = Release|x86
		{4073CA92-5BD8-42D8-A4AE-8530FE5C34BA}.Release|x86.ActiveCfg = Release|x86
		{4073CA92-5BD8-42D8-A4AE-8530FE5C34BA}.Release|x86.Build.0 = Release|x86
		{312C2678-6128-4637-B1D2-CE3C22634C28}.Debug|Any CPU.ActiveCfg = Debug|Any CPU
		{312C2678-6128-4637-B1D2-CE3C22634C28}.Debug|Any CPU.Build.0 = Debug|Any CPU
		{312C2678-6128-4637-B1D2-CE3C22634C28}.Debug|Mixed Platforms.ActiveCfg = Debug|Any CPU
		{312C2678-6128-4637-B1D2-CE3C22634C28}.Debug|Mixed Platforms.Build.0 = Debug|Any CPU
		{312C2678-6128-4637-B1D2-CE3C22634C28}.Debug|x86.ActiveCfg = Debug|Any CPU
		{312C2678-6128-4637-B1D2-CE3C22634C28}.Release|Any CPU.ActiveCfg = Release|Any CPU
		{312C2678-6128-4637-B1D2-CE3C22634C28}.Release|Any CPU.Build.0 = Release|Any CPU
		{312C2678-6128-4637-B1D2-CE3C22634C28}.Release|Mixed Platforms.ActiveCfg = Release|Any CPU
		{312C2678-6128-4637-B1D2-CE3C22634C28}.Release|Mixed Platforms.Build.0 = Release|Any CPU
		{312C2678-6128-4637-B1D2-CE3C22634C28}.Release|x86.ActiveCfg = Release|Any CPU
		{46064827-D654-489E-9194-C1AEAAA5D527}.Debug|Any CPU.ActiveCfg = Debug|Any CPU
		{46064827-D654-489E-9194-C1AEAAA5D527}.Debug|Any CPU.Build.0 = Debug|Any CPU
		{46064827-D654-489E-9194-C1AEAAA5D527}.Debug|Mixed Platforms.ActiveCfg = Debug|Any CPU
		{46064827-D654-489E-9194-C1AEAAA5D527}.Debug|Mixed Platforms.Build.0 = Debug|Any CPU
		{46064827-D654-489E-9194-C1AEAAA5D527}.Debug|x86.ActiveCfg = Debug|Any CPU
		{46064827-D654-489E-9194-C1AEAAA5D527}.Release|Any CPU.ActiveCfg = Release|Any CPU
		{46064827-D654-489E-9194-C1AEAAA5D527}.Release|Any CPU.Build.0 = Release|Any CPU
		{46064827-D654-489E-9194-C1AEAAA5D527}.Release|Mixed Platforms.ActiveCfg = Release|Any CPU
		{46064827-D654-489E-9194-C1AEAAA5D527}.Release|Mixed Platforms.Build.0 = Release|Any CPU
		{46064827-D654-489E-9194-C1AEAAA5D527}.Release|x86.ActiveCfg = Release|Any CPU
		{5EC8DE79-3A5F-46F8-991D-D0034F720312}.Debug|Any CPU.ActiveCfg = Debug|x86
		{5EC8DE79-3A5F-46F8-991D-D0034F720312}.Debug|Mixed Platforms.ActiveCfg = Debug|x86
		{5EC8DE79-3A5F-46F8-991D-D0034F720312}.Debug|Mixed Platforms.Build.0 = Debug|x86
		{5EC8DE79-3A5F-46F8-991D-D0034F720312}.Debug|x86.ActiveCfg = Debug|x86
		{5EC8DE79-3A5F-46F8-991D-D0034F720312}.Debug|x86.Build.0 = Debug|x86
		{5EC8DE79-3A5F-46F8-991D-D0034F720312}.Release|Any CPU.ActiveCfg = Release|x86
		{5EC8DE79-3A5F-46F8-991D-D0034F720312}.Release|Mixed Platforms.ActiveCfg = Release|x86
		{5EC8DE79-3A5F-46F8-991D-D0034F720312}.Release|Mixed Platforms.Build.0 = Release|x86
		{5EC8DE79-3A5F-46F8-991D-D0034F720312}.Release|x86.ActiveCfg = Release|x86
		{5EC8DE79-3A5F-46F8-991D-D0034F720312}.Release|x86.Build.0 = Release|x86
		{F3626560-8794-422A-BBB3-143CB951E1A7}.Debug|Any CPU.ActiveCfg = Debug|Any CPU
		{F3626560-8794-422A-BBB3-143CB951E1A7}.Debug|Any CPU.Build.0 = Debug|Any CPU
		{F3626560-8794-422A-BBB3-143CB951E1A7}.Debug|Mixed Platforms.ActiveCfg = Debug|Any CPU
		{F3626560-8794-422A-BBB3-143CB951E1A7}.Debug|Mixed Platforms.Build.0 = Debug|Any CPU
		{F3626560-8794-422A-BBB3-143CB951E1A7}.Debug|x86.ActiveCfg = Debug|Any CPU
		{F3626560-8794-422A-BBB3-143CB951E1A7}.Release|Any CPU.ActiveCfg = Release|Any CPU
		{F3626560-8794-422A-BBB3-143CB951E1A7}.Release|Any CPU.Build.0 = Release|Any CPU
		{F3626560-8794-422A-BBB3-143CB951E1A7}.Release|Mixed Platforms.ActiveCfg = Release|Any CPU
		{F3626560-8794-422A-BBB3-143CB951E1A7}.Release|Mixed Platforms.Build.0 = Release|Any CPU
		{F3626560-8794-422A-BBB3-143CB951E1A7}.Release|x86.ActiveCfg = Release|Any CPU
		{12E0341F-DA2A-443D-98CB-1180D4FAF927}.Debug|Any CPU.ActiveCfg = Debug|x86
		{12E0341F-DA2A-443D-98CB-1180D4FAF927}.Debug|Mixed Platforms.ActiveCfg = Debug|x86
		{12E0341F-DA2A-443D-98CB-1180D4FAF927}.Debug|Mixed Platforms.Build.0 = Debug|x86
		{12E0341F-DA2A-443D-98CB-1180D4FAF927}.Debug|x86.ActiveCfg = Debug|x86
		{12E0341F-DA2A-443D-98CB-1180D4FAF927}.Debug|x86.Build.0 = Debug|x86
		{12E0341F-DA2A-443D-98CB-1180D4FAF927}.Release|Any CPU.ActiveCfg = Release|x86
		{12E0341F-DA2A-443D-98CB-1180D4FAF927}.Release|Mixed Platforms.ActiveCfg = Release|x86
		{12E0341F-DA2A-443D-98CB-1180D4FAF927}.Release|Mixed Platforms.Build.0 = Release|x86
		{12E0341F-DA2A-443D-98CB-1180D4FAF927}.Release|x86.ActiveCfg = Release|x86
		{12E0341F-DA2A-443D-98CB-1180D4FAF927}.Release|x86.Build.0 = Release|x86
	EndGlobalSection
	GlobalSection(SolutionProperties) = preSolution
		HideSolutionNode = FALSE
	EndGlobalSection
EndGlobal
